Microsoft Visual Studio Solution File, Format Version 12.00
# Visual Studio Version 17
VisualStudioVersion = 17.5.2.0
MinimumVisualStudioVersion = 10.0.40219.1
Project("{FAE04EC0-301F-11D3-BF4B-00C04F79EFBC}") = "CaloryCounterWeb", "CaloryCounterWeb.csproj", "{43922169-E909-1E8F-34ED-8D374C3D19DE}"
EndProject
Global
	GlobalSection(SolutionConfigurationPlatforms) = preSolution
		Debug|Any CPU = Debug|Any CPU
		Release|Any CPU = Release|Any CPU
	EndGlobalSection
	GlobalSection(ProjectConfigurationPlatforms) = postSolution
		{43922169-E909-1E8F-34ED-8D374C3D19DE}.Debug|Any CPU.ActiveCfg = Debug|Any CPU
		{43922169-E909-1E8F-34ED-8D374C3D19DE}.Debug|Any CPU.Build.0 = Debug|Any CPU
		{43922169-E909-1E8F-34ED-8D374C3D19DE}.Release|Any CPU.ActiveCfg = Release|Any CPU
		{43922169-E909-1E8F-34ED-8D374C3D19DE}.Release|Any CPU.Build.0 = Release|Any CPU
	EndGlobalSection
	GlobalSection(SolutionProperties) = preSolution
		HideSolutionNode = FALSE
	EndGlobalSection
	GlobalSection(ExtensibilityGlobals) = postSolution
		SolutionGuid = {957ECC52-4E79-4EE4-A94E-BDA41BA46F66}
	EndGlobalSection
EndGlobal
